// !$*UTF8*$!
{
	archiveVersion = 1;
	classes = {
	};
	objectVersion = 46;
	objects = {

/* Begin PBXBuildFile section */
		480BC2651E8020D100139DE5 /* AppDelegate.swift in Sources */ = {isa = PBXBuildFile; fileRef = 480BC2571E8020D100139DE5 /* AppDelegate.swift */; };
		480BC2661E8020D100139DE5 /* Assets.xcassets in Resources */ = {isa = PBXBuildFile; fileRef = 480BC2581E8020D100139DE5 /* Assets.xcassets */; };
		480BC2671E8020D100139DE5 /* LaunchScreen.storyboard in Resources */ = {isa = PBXBuildFile; fileRef = 480BC2591E8020D100139DE5 /* LaunchScreen.storyboard */; };
		480BC2681E8020D100139DE5 /* Main.storyboard in Resources */ = {isa = PBXBuildFile; fileRef = 480BC25B1E8020D100139DE5 /* Main.storyboard */; };
		480BC26A1E8020D100139DE5 /* ViewController.swift in Sources */ = {isa = PBXBuildFile; fileRef = 480BC25E1E8020D100139DE5 /* ViewController.swift */; };
		480BC26F1E80211200139DE5 /* RateMyAppExampleUITests.swift in Sources */ = {isa = PBXBuildFile; fileRef = 480BC2641E8020D100139DE5 /* RateMyAppExampleUITests.swift */; };
		480BC2871E803DF200139DE5 /* ExampleRMAActionHandler.swift in Sources */ = {isa = PBXBuildFile; fileRef = 480BC2861E803DF200139DE5 /* ExampleRMAActionHandler.swift */; };
		480BC2891E803E0D00139DE5 /* ExampleRMAStrings.swift in Sources */ = {isa = PBXBuildFile; fileRef = 480BC2881E803E0D00139DE5 /* ExampleRMAStrings.swift */; };
		480BC2991E80476E00139DE5 /* ExampleRMARule.swift in Sources */ = {isa = PBXBuildFile; fileRef = 480BC2981E80476E00139DE5 /* ExampleRMARule.swift */; };
		480C0A5F1E818CFC0079BD71 /* ExampleRMARuleSpec.swift in Sources */ = {isa = PBXBuildFile; fileRef = 480C0A5E1E818CFC0079BD71 /* ExampleRMARuleSpec.swift */; };
		480C0A661E82C0200079BD71 /* RateMyApp.framework in Frameworks */ = {isa = PBXBuildFile; fileRef = 480BC2771E80216600139DE5 /* RateMyApp.framework */; };
		480C0A671E82C0200079BD71 /* RateMyApp.framework in Embed Frameworks */ = {isa = PBXBuildFile; fileRef = 480BC2771E80216600139DE5 /* RateMyApp.framework */; settings = {ATTRIBUTES = (CodeSignOnCopy, RemoveHeadersOnCopy, ); }; };
		83DB53211E82D0B700B26F7D /* ZendeskProviderSDK.framework in Frameworks */ = {isa = PBXBuildFile; fileRef = 83DB531D1E82D0B700B26F7D /* ZendeskProviderSDK.framework */; };
		83DB53221E82D0B700B26F7D /* ZendeskSDK.bundle in Resources */ = {isa = PBXBuildFile; fileRef = 83DB531E1E82D0B700B26F7D /* ZendeskSDK.bundle */; };
		83DB53231E82D0B700B26F7D /* ZendeskSDK.framework in Frameworks */ = {isa = PBXBuildFile; fileRef = 83DB531F1E82D0B700B26F7D /* ZendeskSDK.framework */; };
		83DB53241E82D0B700B26F7D /* ZendeskSDKStrings.bundle in Resources */ = {isa = PBXBuildFile; fileRef = 83DB53201E82D0B700B26F7D /* ZendeskSDKStrings.bundle */; };
/* End PBXBuildFile section */

/* Begin PBXContainerItemProxy section */
		480BC2761E80216600139DE5 /* PBXContainerItemProxy */ = {
			isa = PBXContainerItemProxy;
			containerPortal = 480BC2711E80216500139DE5 /* RateMyApp.xcodeproj */;
			proxyType = 2;
			remoteGlobalIDString = 486D87B71E801BAE0096D1ED;
			remoteInfo = RateMyApp;
		};
		480BC2781E80216600139DE5 /* PBXContainerItemProxy */ = {
			isa = PBXContainerItemProxy;
			containerPortal = 480BC2711E80216500139DE5 /* RateMyApp.xcodeproj */;
			proxyType = 2;
			remoteGlobalIDString = 486D87C01E801BAE0096D1ED;
			remoteInfo = RateMyAppTests;
		};
		480BC27A1E80216F00139DE5 /* PBXContainerItemProxy */ = {
			isa = PBXContainerItemProxy;
			containerPortal = 480BC2711E80216500139DE5 /* RateMyApp.xcodeproj */;
			proxyType = 1;
			remoteGlobalIDString = 486D87B61E801BAE0096D1ED;
			remoteInfo = RateMyApp;
		};
		480C0A681E82C0200079BD71 /* PBXContainerItemProxy */ = {
			isa = PBXContainerItemProxy;
			containerPortal = 480BC2711E80216500139DE5 /* RateMyApp.xcodeproj */;
			proxyType = 1;
			remoteGlobalIDString = 486D87B61E801BAE0096D1ED;
			remoteInfo = RateMyApp;
		};
		486D88221E801FC50096D1ED /* PBXContainerItemProxy */ = {
			isa = PBXContainerItemProxy;
			containerPortal = 486D88051E801FC50096D1ED /* Project object */;
			proxyType = 1;
			remoteGlobalIDString = 486D880C1E801FC50096D1ED;
			remoteInfo = RateMyAppExample;
		};
		486D882D1E801FC50096D1ED /* PBXContainerItemProxy */ = {
			isa = PBXContainerItemProxy;
			containerPortal = 486D88051E801FC50096D1ED /* Project object */;
			proxyType = 1;
			remoteGlobalIDString = 486D880C1E801FC50096D1ED;
			remoteInfo = RateMyAppExample;
		};
/* End PBXContainerItemProxy section */

/* Begin PBXCopyFilesBuildPhase section */
		480C0A6A1E82C0200079BD71 /* Embed Frameworks */ = {
			isa = PBXCopyFilesBuildPhase;
			buildActionMask = 2147483647;
			dstPath = "";
			dstSubfolderSpec = 10;
			files = (
				480C0A671E82C0200079BD71 /* RateMyApp.framework in Embed Frameworks */,
			);
			name = "Embed Frameworks";
			runOnlyForDeploymentPostprocessing = 0;
		};
/* End PBXCopyFilesBuildPhase section */

/* Begin PBXFileReference section */
		480BC2571E8020D100139DE5 /* AppDelegate.swift */ = {isa = PBXFileReference; fileEncoding = 4; lastKnownFileType = sourcecode.swift; path = AppDelegate.swift; sourceTree = "<group>"; };
		480BC2581E8020D100139DE5 /* Assets.xcassets */ = {isa = PBXFileReference; lastKnownFileType = folder.assetcatalog; path = Assets.xcassets; sourceTree = "<group>"; };
		480BC25A1E8020D100139DE5 /* Base */ = {isa = PBXFileReference; lastKnownFileType = file.storyboard; name = Base; path = Base.lproj/LaunchScreen.storyboard; sourceTree = "<group>"; };
		480BC25C1E8020D100139DE5 /* Base */ = {isa = PBXFileReference; lastKnownFileType = file.storyboard; name = Base; path = Base.lproj/Main.storyboard; sourceTree = "<group>"; };
		480BC25D1E8020D100139DE5 /* Info.plist */ = {isa = PBXFileReference; fileEncoding = 4; lastKnownFileType = text.plist.xml; path = Info.plist; sourceTree = "<group>"; };
		480BC25E1E8020D100139DE5 /* ViewController.swift */ = {isa = PBXFileReference; fileEncoding = 4; lastKnownFileType = sourcecode.swift; path = ViewController.swift; sourceTree = "<group>"; };
		480BC2601E8020D100139DE5 /* Info.plist */ = {isa = PBXFileReference; fileEncoding = 4; lastKnownFileType = text.plist.xml; path = Info.plist; sourceTree = "<group>"; };
		480BC2631E8020D100139DE5 /* Info.plist */ = {isa = PBXFileReference; fileEncoding = 4; lastKnownFileType = text.plist.xml; path = Info.plist; sourceTree = "<group>"; };
		480BC2641E8020D100139DE5 /* RateMyAppExampleUITests.swift */ = {isa = PBXFileReference; fileEncoding = 4; lastKnownFileType = sourcecode.swift; path = RateMyAppExampleUITests.swift; sourceTree = "<group>"; };
		480BC2711E80216500139DE5 /* RateMyApp.xcodeproj */ = {isa = PBXFileReference; lastKnownFileType = "wrapper.pb-project"; name = RateMyApp.xcodeproj; path = ../RateMyApp.xcodeproj; sourceTree = "<group>"; };
		480BC2861E803DF200139DE5 /* ExampleRMAActionHandler.swift */ = {isa = PBXFileReference; fileEncoding = 4; lastKnownFileType = sourcecode.swift; path = ExampleRMAActionHandler.swift; sourceTree = "<group>"; };
		480BC2881E803E0D00139DE5 /* ExampleRMAStrings.swift */ = {isa = PBXFileReference; fileEncoding = 4; lastKnownFileType = sourcecode.swift; path = ExampleRMAStrings.swift; sourceTree = "<group>"; };
		480BC2981E80476E00139DE5 /* ExampleRMARule.swift */ = {isa = PBXFileReference; fileEncoding = 4; lastKnownFileType = sourcecode.swift; path = ExampleRMARule.swift; sourceTree = "<group>"; };
		480C0A5E1E818CFC0079BD71 /* ExampleRMARuleSpec.swift */ = {isa = PBXFileReference; fileEncoding = 4; lastKnownFileType = sourcecode.swift; path = ExampleRMARuleSpec.swift; sourceTree = "<group>"; };
		486D880D1E801FC50096D1ED /* RateMyAppExample.app */ = {isa = PBXFileReference; explicitFileType = wrapper.application; includeInIndex = 0; path = RateMyAppExample.app; sourceTree = BUILT_PRODUCTS_DIR; };
		486D88211E801FC50096D1ED /* RateMyAppExampleTests.xctest */ = {isa = PBXFileReference; explicitFileType = wrapper.cfbundle; includeInIndex = 0; path = RateMyAppExampleTests.xctest; sourceTree = BUILT_PRODUCTS_DIR; };
		486D882C1E801FC50096D1ED /* RateMyAppExampleUITests.xctest */ = {isa = PBXFileReference; explicitFileType = wrapper.cfbundle; includeInIndex = 0; path = RateMyAppExampleUITests.xctest; sourceTree = BUILT_PRODUCTS_DIR; };
		83DB531D1E82D0B700B26F7D /* ZendeskProviderSDK.framework */ = {isa = PBXFileReference; lastKnownFileType = wrapper.framework; name = ZendeskProviderSDK.framework; path = Carthage/Checkouts/zendesk_sdk_ios/ZendeskProviderSDK.framework; sourceTree = "<group>"; };
		83DB531E1E82D0B700B26F7D /* ZendeskSDK.bundle */ = {isa = PBXFileReference; lastKnownFileType = "wrapper.plug-in"; name = ZendeskSDK.bundle; path = Carthage/Checkouts/zendesk_sdk_ios/ZendeskSDK.bundle; sourceTree = "<group>"; };
		83DB531F1E82D0B700B26F7D /* ZendeskSDK.framework */ = {isa = PBXFileReference; lastKnownFileType = wrapper.framework; name = ZendeskSDK.framework; path = Carthage/Checkouts/zendesk_sdk_ios/ZendeskSDK.framework; sourceTree = "<group>"; };
		83DB53201E82D0B700B26F7D /* ZendeskSDKStrings.bundle */ = {isa = PBXFileReference; lastKnownFileType = "wrapper.plug-in"; name = ZendeskSDKStrings.bundle; path = Carthage/Checkouts/zendesk_sdk_ios/ZendeskSDKStrings.bundle; sourceTree = "<group>"; };
/* End PBXFileReference section */

/* Begin PBXFrameworksBuildPhase section */
		486D880A1E801FC50096D1ED /* Frameworks */ = {
			isa = PBXFrameworksBuildPhase;
			buildActionMask = 2147483647;
			files = (
				83DB53231E82D0B700B26F7D /* ZendeskSDK.framework in Frameworks */,
				480C0A661E82C0200079BD71 /* RateMyApp.framework in Frameworks */,
				83DB53211E82D0B700B26F7D /* ZendeskProviderSDK.framework in Frameworks */,
			);
			runOnlyForDeploymentPostprocessing = 0;
		};
		486D881E1E801FC50096D1ED /* Frameworks */ = {
			isa = PBXFrameworksBuildPhase;
			buildActionMask = 2147483647;
			files = (
			);
			runOnlyForDeploymentPostprocessing = 0;
		};
		486D88291E801FC50096D1ED /* Frameworks */ = {
			isa = PBXFrameworksBuildPhase;
			buildActionMask = 2147483647;
			files = (
			);
			runOnlyForDeploymentPostprocessing = 0;
		};
/* End PBXFrameworksBuildPhase section */

/* Begin PBXGroup section */
		2A3A0507EE38933622D14EDD /* Frameworks */ = {
			isa = PBXGroup;
			children = (
				83DB531D1E82D0B700B26F7D /* ZendeskProviderSDK.framework */,
				83DB531E1E82D0B700B26F7D /* ZendeskSDK.bundle */,
				83DB531F1E82D0B700B26F7D /* ZendeskSDK.framework */,
				83DB53201E82D0B700B26F7D /* ZendeskSDKStrings.bundle */,
			);
			name = Frameworks;
			sourceTree = "<group>";
		};
		480BC2561E8020D100139DE5 /* Source */ = {
			isa = PBXGroup;
			children = (
				480BC2571E8020D100139DE5 /* AppDelegate.swift */,
				480BC2581E8020D100139DE5 /* Assets.xcassets */,
				480BC2591E8020D100139DE5 /* LaunchScreen.storyboard */,
				480BC25B1E8020D100139DE5 /* Main.storyboard */,
				480BC25D1E8020D100139DE5 /* Info.plist */,
				480BC25E1E8020D100139DE5 /* ViewController.swift */,
				480BC2981E80476E00139DE5 /* ExampleRMARule.swift */,
				480BC2861E803DF200139DE5 /* ExampleRMAActionHandler.swift */,
				480BC2881E803E0D00139DE5 /* ExampleRMAStrings.swift */,
			);
			path = Source;
			sourceTree = "<group>";
		};
		480BC25F1E8020D100139DE5 /* Tests */ = {
			isa = PBXGroup;
			children = (
				480BC2601E8020D100139DE5 /* Info.plist */,
				480C0A5E1E818CFC0079BD71 /* ExampleRMARuleSpec.swift */,
			);
			path = Tests;
			sourceTree = "<group>";
		};
		480BC2621E8020D100139DE5 /* UITests */ = {
			isa = PBXGroup;
			children = (
				480BC2631E8020D100139DE5 /* Info.plist */,
				480BC2641E8020D100139DE5 /* RateMyAppExampleUITests.swift */,
			);
			path = UITests;
			sourceTree = "<group>";
		};
		480BC2721E80216500139DE5 /* Products */ = {
			isa = PBXGroup;
			children = (
				480BC2771E80216600139DE5 /* RateMyApp.framework */,
				480BC2791E80216600139DE5 /* RateMyAppTests.xctest */,
			);
			name = Products;
			sourceTree = "<group>";
		};
		486D88041E801FC50096D1ED = {
			isa = PBXGroup;
			children = (
				480BC2561E8020D100139DE5 /* Source */,
				480BC25F1E8020D100139DE5 /* Tests */,
				480BC2621E8020D100139DE5 /* UITests */,
				486D880E1E801FC50096D1ED /* Products */,
				480BC2711E80216500139DE5 /* RateMyApp.xcodeproj */,
				2A3A0507EE38933622D14EDD /* Frameworks */,
			);
			sourceTree = "<group>";
		};
		486D880E1E801FC50096D1ED /* Products */ = {
			isa = PBXGroup;
			children = (
				486D880D1E801FC50096D1ED /* RateMyAppExample.app */,
				486D88211E801FC50096D1ED /* RateMyAppExampleTests.xctest */,
				486D882C1E801FC50096D1ED /* RateMyAppExampleUITests.xctest */,
			);
			name = Products;
			sourceTree = "<group>";
		};
/* End PBXGroup section */

/* Begin PBXNativeTarget section */
		486D880C1E801FC50096D1ED /* RateMyAppExample */ = {
			isa = PBXNativeTarget;
			buildConfigurationList = 486D88351E801FC50096D1ED /* Build configuration list for PBXNativeTarget "RateMyAppExample" */;
			buildPhases = (
				486D88091E801FC50096D1ED /* Sources */,
				486D880A1E801FC50096D1ED /* Frameworks */,
				486D880B1E801FC50096D1ED /* Resources */,
				480C0A6A1E82C0200079BD71 /* Embed Frameworks */,
			);
			buildRules = (
			);
			dependencies = (
				480BC27B1E80216F00139DE5 /* PBXTargetDependency */,
				480C0A691E82C0200079BD71 /* PBXTargetDependency */,
			);
			name = RateMyAppExample;
			productName = RateMyAppExample;
			productReference = 486D880D1E801FC50096D1ED /* RateMyAppExample.app */;
			productType = "com.apple.product-type.application";
		};
		486D88201E801FC50096D1ED /* RateMyAppExampleTests */ = {
			isa = PBXNativeTarget;
			buildConfigurationList = 486D88381E801FC50096D1ED /* Build configuration list for PBXNativeTarget "RateMyAppExampleTests" */;
			buildPhases = (
				486D881D1E801FC50096D1ED /* Sources */,
				486D881E1E801FC50096D1ED /* Frameworks */,
				486D881F1E801FC50096D1ED /* Resources */,
			);
			buildRules = (
			);
			dependencies = (
				486D88231E801FC50096D1ED /* PBXTargetDependency */,
			);
			name = RateMyAppExampleTests;
			productName = RateMyAppExampleTests;
			productReference = 486D88211E801FC50096D1ED /* RateMyAppExampleTests.xctest */;
			productType = "com.apple.product-type.bundle.unit-test";
		};
		486D882B1E801FC50096D1ED /* RateMyAppExampleUITests */ = {
			isa = PBXNativeTarget;
			buildConfigurationList = 486D883B1E801FC50096D1ED /* Build configuration list for PBXNativeTarget "RateMyAppExampleUITests" */;
			buildPhases = (
				486D88281E801FC50096D1ED /* Sources */,
				486D88291E801FC50096D1ED /* Frameworks */,
				486D882A1E801FC50096D1ED /* Resources */,
			);
			buildRules = (
			);
			dependencies = (
				486D882E1E801FC50096D1ED /* PBXTargetDependency */,
			);
			name = RateMyAppExampleUITests;
			productName = RateMyAppExampleUITests;
			productReference = 486D882C1E801FC50096D1ED /* RateMyAppExampleUITests.xctest */;
			productType = "com.apple.product-type.bundle.ui-testing";
		};
/* End PBXNativeTarget section */

/* Begin PBXProject section */
		486D88051E801FC50096D1ED /* Project object */ = {
			isa = PBXProject;
			attributes = {
				LastSwiftUpdateCheck = 0820;
				LastUpgradeCheck = 0820;
				ORGANIZATIONNAME = Zendesk;
				TargetAttributes = {
					486D880C1E801FC50096D1ED = {
						CreatedOnToolsVersion = 8.2.1;
						DevelopmentTeam = 7529UAQB93;
						ProvisioningStyle = Automatic;
					};
					486D88201E801FC50096D1ED = {
						CreatedOnToolsVersion = 8.2.1;
						DevelopmentTeam = 7529UAQB93;
						ProvisioningStyle = Automatic;
						TestTargetID = 486D880C1E801FC50096D1ED;
					};
					486D882B1E801FC50096D1ED = {
						CreatedOnToolsVersion = 8.2.1;
						DevelopmentTeam = 7529UAQB93;
						ProvisioningStyle = Automatic;
						TestTargetID = 486D880C1E801FC50096D1ED;
					};
				};
			};
			buildConfigurationList = 486D88081E801FC50096D1ED /* Build configuration list for PBXProject "RateMyAppExample" */;
			compatibilityVersion = "Xcode 3.2";
			developmentRegion = English;
			hasScannedForEncodings = 0;
			knownRegions = (
				en,
				Base,
			);
			mainGroup = 486D88041E801FC50096D1ED;
			productRefGroup = 486D880E1E801FC50096D1ED /* Products */;
			projectDirPath = "";
			projectReferences = (
				{
					ProductGroup = 480BC2721E80216500139DE5 /* Products */;
					ProjectRef = 480BC2711E80216500139DE5 /* RateMyApp.xcodeproj */;
				},
			);
			projectRoot = "";
			targets = (
				486D880C1E801FC50096D1ED /* RateMyAppExample */,
				486D88201E801FC50096D1ED /* RateMyAppExampleTests */,
				486D882B1E801FC50096D1ED /* RateMyAppExampleUITests */,
			);
		};
/* End PBXProject section */

/* Begin PBXReferenceProxy section */
		480BC2771E80216600139DE5 /* RateMyApp.framework */ = {
			isa = PBXReferenceProxy;
			fileType = wrapper.framework;
			path = RateMyApp.framework;
			remoteRef = 480BC2761E80216600139DE5 /* PBXContainerItemProxy */;
			sourceTree = BUILT_PRODUCTS_DIR;
		};
		480BC2791E80216600139DE5 /* RateMyAppTests.xctest */ = {
			isa = PBXReferenceProxy;
			fileType = wrapper.cfbundle;
			path = RateMyAppTests.xctest;
			remoteRef = 480BC2781E80216600139DE5 /* PBXContainerItemProxy */;
			sourceTree = BUILT_PRODUCTS_DIR;
		};
/* End PBXReferenceProxy section */

/* Begin PBXResourcesBuildPhase section */
		486D880B1E801FC50096D1ED /* Resources */ = {
			isa = PBXResourcesBuildPhase;
			buildActionMask = 2147483647;
			files = (
				480BC2681E8020D100139DE5 /* Main.storyboard in Resources */,
				480BC2661E8020D100139DE5 /* Assets.xcassets in Resources */,
				480BC2671E8020D100139DE5 /* LaunchScreen.storyboard in Resources */,
				83DB53221E82D0B700B26F7D /* ZendeskSDK.bundle in Resources */,
				83DB53241E82D0B700B26F7D /* ZendeskSDKStrings.bundle in Resources */,
			);
			runOnlyForDeploymentPostprocessing = 0;
		};
		486D881F1E801FC50096D1ED /* Resources */ = {
			isa = PBXResourcesBuildPhase;
			buildActionMask = 2147483647;
			files = (
			);
			runOnlyForDeploymentPostprocessing = 0;
		};
		486D882A1E801FC50096D1ED /* Resources */ = {
			isa = PBXResourcesBuildPhase;
			buildActionMask = 2147483647;
			files = (
			);
			runOnlyForDeploymentPostprocessing = 0;
		};
/* End PBXResourcesBuildPhase section */

/* Begin PBXSourcesBuildPhase section */
		486D88091E801FC50096D1ED /* Sources */ = {
			isa = PBXSourcesBuildPhase;
			buildActionMask = 2147483647;
			files = (
				480BC2991E80476E00139DE5 /* ExampleRMARule.swift in Sources */,
				480BC2871E803DF200139DE5 /* ExampleRMAActionHandler.swift in Sources */,
				480BC2891E803E0D00139DE5 /* ExampleRMAStrings.swift in Sources */,
				480BC26A1E8020D100139DE5 /* ViewController.swift in Sources */,
				480BC2651E8020D100139DE5 /* AppDelegate.swift in Sources */,
			);
			runOnlyForDeploymentPostprocessing = 0;
		};
		486D881D1E801FC50096D1ED /* Sources */ = {
			isa = PBXSourcesBuildPhase;
			buildActionMask = 2147483647;
			files = (
				480C0A5F1E818CFC0079BD71 /* ExampleRMARuleSpec.swift in Sources */,
			);
			runOnlyForDeploymentPostprocessing = 0;
		};
		486D88281E801FC50096D1ED /* Sources */ = {
			isa = PBXSourcesBuildPhase;
			buildActionMask = 2147483647;
			files = (
				480BC26F1E80211200139DE5 /* RateMyAppExampleUITests.swift in Sources */,
			);
			runOnlyForDeploymentPostprocessing = 0;
		};
/* End PBXSourcesBuildPhase section */

/* Begin PBXTargetDependency section */
		480BC27B1E80216F00139DE5 /* PBXTargetDependency */ = {
			isa = PBXTargetDependency;
			name = RateMyApp;
			targetProxy = 480BC27A1E80216F00139DE5 /* PBXContainerItemProxy */;
		};
		480C0A691E82C0200079BD71 /* PBXTargetDependency */ = {
			isa = PBXTargetDependency;
			name = RateMyApp;
			targetProxy = 480C0A681E82C0200079BD71 /* PBXContainerItemProxy */;
		};
		486D88231E801FC50096D1ED /* PBXTargetDependency */ = {
			isa = PBXTargetDependency;
			target = 486D880C1E801FC50096D1ED /* RateMyAppExample */;
			targetProxy = 486D88221E801FC50096D1ED /* PBXContainerItemProxy */;
		};
		486D882E1E801FC50096D1ED /* PBXTargetDependency */ = {
			isa = PBXTargetDependency;
			target = 486D880C1E801FC50096D1ED /* RateMyAppExample */;
			targetProxy = 486D882D1E801FC50096D1ED /* PBXContainerItemProxy */;
		};
/* End PBXTargetDependency section */

/* Begin PBXVariantGroup section */
		480BC2591E8020D100139DE5 /* LaunchScreen.storyboard */ = {
			isa = PBXVariantGroup;
			children = (
				480BC25A1E8020D100139DE5 /* Base */,
			);
			name = LaunchScreen.storyboard;
			sourceTree = "<group>";
		};
		480BC25B1E8020D100139DE5 /* Main.storyboard */ = {
			isa = PBXVariantGroup;
			children = (
				480BC25C1E8020D100139DE5 /* Base */,
			);
			name = Main.storyboard;
			sourceTree = "<group>";
		};
/* End PBXVariantGroup section */

/* Begin XCBuildConfiguration section */
		486D88331E801FC50096D1ED /* Debug */ = {
			isa = XCBuildConfiguration;
			buildSettings = {
				ALWAYS_SEARCH_USER_PATHS = NO;
				CLANG_ANALYZER_NONNULL = YES;
				CLANG_CXX_LANGUAGE_STANDARD = "gnu++0x";
				CLANG_CXX_LIBRARY = "libc++";
				CLANG_ENABLE_MODULES = YES;
				CLANG_ENABLE_OBJC_ARC = YES;
				CLANG_WARN_BOOL_CONVERSION = YES;
				CLANG_WARN_CONSTANT_CONVERSION = YES;
				CLANG_WARN_DIRECT_OBJC_ISA_USAGE = YES_ERROR;
				CLANG_WARN_DOCUMENTATION_COMMENTS = YES;
				CLANG_WARN_EMPTY_BODY = YES;
				CLANG_WARN_ENUM_CONVERSION = YES;
				CLANG_WARN_INFINITE_RECURSION = YES;
				CLANG_WARN_INT_CONVERSION = YES;
				CLANG_WARN_OBJC_ROOT_CLASS = YES_ERROR;
				CLANG_WARN_SUSPICIOUS_MOVE = YES;
				CLANG_WARN_UNREACHABLE_CODE = YES;
				CLANG_WARN__DUPLICATE_METHOD_MATCH = YES;
				"CODE_SIGN_IDENTITY[sdk=iphoneos*]" = "iPhone Developer";
				COPY_PHASE_STRIP = NO;
				DEBUG_INFORMATION_FORMAT = dwarf;
				ENABLE_STRICT_OBJC_MSGSEND = YES;
				ENABLE_TESTABILITY = YES;
				GCC_C_LANGUAGE_STANDARD = gnu99;
				GCC_DYNAMIC_NO_PIC = NO;
				GCC_NO_COMMON_BLOCKS = YES;
				GCC_OPTIMIZATION_LEVEL = 0;
				GCC_PREPROCESSOR_DEFINITIONS = (
					"DEBUG=1",
					"$(inherited)",
				);
				GCC_WARN_64_TO_32_BIT_CONVERSION = YES;
				GCC_WARN_ABOUT_RETURN_TYPE = YES_ERROR;
				GCC_WARN_UNDECLARED_SELECTOR = YES;
				GCC_WARN_UNINITIALIZED_AUTOS = YES_AGGRESSIVE;
				GCC_WARN_UNUSED_FUNCTION = YES;
				GCC_WARN_UNUSED_VARIABLE = YES;
				IPHONEOS_DEPLOYMENT_TARGET = 10.2;
				MTL_ENABLE_DEBUG_INFO = YES;
				ONLY_ACTIVE_ARCH = YES;
				SDKROOT = iphoneos;
				SWIFT_ACTIVE_COMPILATION_CONDITIONS = DEBUG;
				SWIFT_OPTIMIZATION_LEVEL = "-Onone";
				TARGETED_DEVICE_FAMILY = "1,2";
			};
			name = Debug;
		};
		486D88341E801FC50096D1ED /* Release */ = {
			isa = XCBuildConfiguration;
			buildSettings = {
				ALWAYS_SEARCH_USER_PATHS = NO;
				CLANG_ANALYZER_NONNULL = YES;
				CLANG_CXX_LANGUAGE_STANDARD = "gnu++0x";
				CLANG_CXX_LIBRARY = "libc++";
				CLANG_ENABLE_MODULES = YES;
				CLANG_ENABLE_OBJC_ARC = YES;
				CLANG_WARN_BOOL_CONVERSION = YES;
				CLANG_WARN_CONSTANT_CONVERSION = YES;
				CLANG_WARN_DIRECT_OBJC_ISA_USAGE = YES_ERROR;
				CLANG_WARN_DOCUMENTATION_COMMENTS = YES;
				CLANG_WARN_EMPTY_BODY = YES;
				CLANG_WARN_ENUM_CONVERSION = YES;
				CLANG_WARN_INFINITE_RECURSION = YES;
				CLANG_WARN_INT_CONVERSION = YES;
				CLANG_WARN_OBJC_ROOT_CLASS = YES_ERROR;
				CLANG_WARN_SUSPICIOUS_MOVE = YES;
				CLANG_WARN_UNREACHABLE_CODE = YES;
				CLANG_WARN__DUPLICATE_METHOD_MATCH = YES;
				"CODE_SIGN_IDENTITY[sdk=iphoneos*]" = "iPhone Developer";
				COPY_PHASE_STRIP = NO;
				DEBUG_INFORMATION_FORMAT = "dwarf-with-dsym";
				ENABLE_NS_ASSERTIONS = NO;
				ENABLE_STRICT_OBJC_MSGSEND = YES;
				GCC_C_LANGUAGE_STANDARD = gnu99;
				GCC_NO_COMMON_BLOCKS = YES;
				GCC_WARN_64_TO_32_BIT_CONVERSION = YES;
				GCC_WARN_ABOUT_RETURN_TYPE = YES_ERROR;
				GCC_WARN_UNDECLARED_SELECTOR = YES;
				GCC_WARN_UNINITIALIZED_AUTOS = YES_AGGRESSIVE;
				GCC_WARN_UNUSED_FUNCTION = YES;
				GCC_WARN_UNUSED_VARIABLE = YES;
				IPHONEOS_DEPLOYMENT_TARGET = 10.2;
				MTL_ENABLE_DEBUG_INFO = NO;
				SDKROOT = iphoneos;
				SWIFT_OPTIMIZATION_LEVEL = "-Owholemodule";
				TARGETED_DEVICE_FAMILY = "1,2";
				VALIDATE_PRODUCT = YES;
			};
			name = Release;
		};
		486D88361E801FC50096D1ED /* Debug */ = {
			isa = XCBuildConfiguration;
			buildSettings = {
				ALWAYS_EMBED_SWIFT_STANDARD_LIBRARIES = YES;
				ASSETCATALOG_COMPILER_APPICON_NAME = AppIcon;
				DEVELOPMENT_TEAM = 7529UAQB93;
				FRAMEWORK_SEARCH_PATHS = (
					"$(inherited)",
					"$(PROJECT_DIR)",
					"$(PROJECT_DIR)/Carthage/Checkouts/zendesk_sdk_ios",
				);
				INFOPLIST_FILE = Source/Info.plist;
				LD_RUNPATH_SEARCH_PATHS = "$(inherited) @executable_path/Frameworks";
				PRODUCT_BUNDLE_IDENTIFIER = com.zendesk.RateMyAppExample;
				PRODUCT_NAME = "$(TARGET_NAME)";
				SWIFT_VERSION = 3.0;
			};
			name = Debug;
		};
		486D88371E801FC50096D1ED /* Release */ = {
			isa = XCBuildConfiguration;
			buildSettings = {
				ALWAYS_EMBED_SWIFT_STANDARD_LIBRARIES = YES;
				ASSETCATALOG_COMPILER_APPICON_NAME = AppIcon;
				DEVELOPMENT_TEAM = 7529UAQB93;
				FRAMEWORK_SEARCH_PATHS = (
					"$(inherited)",
					"$(PROJECT_DIR)",
					"$(PROJECT_DIR)/Carthage/Checkouts/zendesk_sdk_ios",
				);
				INFOPLIST_FILE = Source/Info.plist;
				LD_RUNPATH_SEARCH_PATHS = "$(inherited) @executable_path/Frameworks";
				PRODUCT_BUNDLE_IDENTIFIER = com.zendesk.RateMyAppExample;
				PRODUCT_NAME = "$(TARGET_NAME)";
				SWIFT_VERSION = 3.0;
			};
			name = Release;
		};
		486D88391E801FC50096D1ED /* Debug */ = {
			isa = XCBuildConfiguration;
			buildSettings = {
				ALWAYS_EMBED_SWIFT_STANDARD_LIBRARIES = YES;
				BUNDLE_LOADER = "$(TEST_HOST)";
				DEVELOPMENT_TEAM = 7529UAQB93;
				INFOPLIST_FILE = Source/Info.plist;
				LD_RUNPATH_SEARCH_PATHS = "$(inherited) @executable_path/Frameworks @loader_path/Frameworks";
				PRODUCT_BUNDLE_IDENTIFIER = com.zendesk.RateMyAppExampleTests;
				PRODUCT_NAME = "$(TARGET_NAME)";
				SWIFT_VERSION = 3.0;
				TEST_HOST = "$(BUILT_PRODUCTS_DIR)/RateMyAppExample.app/RateMyAppExample";
			};
			name = Debug;
		};
		486D883A1E801FC50096D1ED /* Release */ = {
			isa = XCBuildConfiguration;
			buildSettings = {
				ALWAYS_EMBED_SWIFT_STANDARD_LIBRARIES = YES;
				BUNDLE_LOADER = "$(TEST_HOST)";
				DEVELOPMENT_TEAM = 7529UAQB93;
				INFOPLIST_FILE = Source/Info.plist;
				LD_RUNPATH_SEARCH_PATHS = "$(inherited) @executable_path/Frameworks @loader_path/Frameworks";
				PRODUCT_BUNDLE_IDENTIFIER = com.zendesk.RateMyAppExampleTests;
				PRODUCT_NAME = "$(TARGET_NAME)";
				SWIFT_VERSION = 3.0;
				TEST_HOST = "$(BUILT_PRODUCTS_DIR)/RateMyAppExample.app/RateMyAppExample";
			};
			name = Release;
		};
		486D883C1E801FC50096D1ED /* Debug */ = {
			isa = XCBuildConfiguration;
			buildSettings = {
				ALWAYS_EMBED_SWIFT_STANDARD_LIBRARIES = YES;
				DEVELOPMENT_TEAM = 7529UAQB93;
				INFOPLIST_FILE = Source/Info.plist;
				LD_RUNPATH_SEARCH_PATHS = "$(inherited) @executable_path/Frameworks @loader_path/Frameworks";
				PRODUCT_BUNDLE_IDENTIFIER = com.zendesk.RateMyAppExampleUITests;
				PRODUCT_NAME = "$(TARGET_NAME)";
				SWIFT_VERSION = 3.0;
				TEST_TARGET_NAME = RateMyAppExample;
			};
			name = Debug;
		};
		486D883D1E801FC50096D1ED /* Release */ = {
			isa = XCBuildConfiguration;
			buildSettings = {
				ALWAYS_EMBED_SWIFT_STANDARD_LIBRARIES = YES;
				DEVELOPMENT_TEAM = 7529UAQB93;
				INFOPLIST_FILE = Source/Info.plist;
				LD_RUNPATH_SEARCH_PATHS = "$(inherited) @executable_path/Frameworks @loader_path/Frameworks";
				PRODUCT_BUNDLE_IDENTIFIER = com.zendesk.RateMyAppExampleUITests;
				PRODUCT_NAME = "$(TARGET_NAME)";
				SWIFT_VERSION = 3.0;
				TEST_TARGET_NAME = RateMyAppExample;
			};
			name = Release;
		};
/* End XCBuildConfiguration section */

/* Begin XCConfigurationList section */
		486D88081E801FC50096D1ED /* Build configuration list for PBXProject "RateMyAppExample" */ = {
			isa = XCConfigurationList;
			buildConfigurations = (
				486D88331E801FC50096D1ED /* Debug */,
				486D88341E801FC50096D1ED /* Release */,
			);
			defaultConfigurationIsVisible = 0;
			defaultConfigurationName = Release;
		};
		486D88351E801FC50096D1ED /* Build configuration list for PBXNativeTarget "RateMyAppExample" */ = {
			isa = XCConfigurationList;
			buildConfigurations = (
				486D88361E801FC50096D1ED /* Debug */,
				486D88371E801FC50096D1ED /* Release */,
			);
			defaultConfigurationIsVisible = 0;
			defaultConfigurationName = Release;
		};
		486D88381E801FC50096D1ED /* Build configuration list for PBXNativeTarget "RateMyAppExampleTests" */ = {
			isa = XCConfigurationList;
			buildConfigurations = (
				486D88391E801FC50096D1ED /* Debug */,
				486D883A1E801FC50096D1ED /* Release */,
			);
			defaultConfigurationIsVisible = 0;
			defaultConfigurationName = Release;
		};
		486D883B1E801FC50096D1ED /* Build configuration list for PBXNativeTarget "RateMyAppExampleUITests" */ = {
			isa = XCConfigurationList;
			buildConfigurations = (
				486D883C1E801FC50096D1ED /* Debug */,
				486D883D1E801FC50096D1ED /* Release */,
			);
			defaultConfigurationIsVisible = 0;
			defaultConfigurationName = Release;
		};
/* End XCConfigurationList section */
	};
	rootObject = 486D88051E801FC50096D1ED /* Project object */;
}
